
Microsoft Visual Studio Solution File, Format Version 12.00
# Visual Studio Version 17
VisualStudioVersion = 17.14.36212.18 d17.14
MinimumVisualStudioVersion = 10.0.40219.1
Project("{FAE04EC0-301F-11D3-BF4B-00C04F79EFBC}") = "SWWhatsAppLambdaGetMetaCredentials", "SWWhatsAppLambdaGetMetaCredentials.csproj", "{D4EBAC1D-7D4A-FFBA-EE01-02D6D969CAF2}"
EndProject
Global
	GlobalSection(SolutionConfigurationPlatforms) = preSolution
		Debug|Any CPU = Debug|Any CPU
		Release|Any CPU = Release|Any CPU
	EndGlobalSection
	GlobalSection(ProjectConfigurationPlatforms) = postSolution
		{D4EBAC1D-7D4A-FFBA-EE01-02D6D969CAF2}.Debug|Any CPU.ActiveCfg = Debug|Any CPU
		{D4EBAC1D-7D4A-FFBA-EE01-02D6D969CAF2}.Debug|Any CPU.Build.0 = Debug|Any CPU
		{D4EBAC1D-7D4A-FFBA-EE01-02D6D969CAF2}.Release|Any CPU.ActiveCfg = Release|Any CPU
		{D4EBAC1D-7D4A-FFBA-EE01-02D6D969CAF2}.Release|Any CPU.Build.0 = Release|Any CPU
	EndGlobalSection
	GlobalSection(SolutionProperties) = preSolution
		HideSolutionNode = FALSE
	EndGlobalSection
	GlobalSection(ExtensibilityGlobals) = postSolution
		SolutionGuid = {18D157E3-F672-4011-9770-2C6BB6E1EB6B}
	EndGlobalSection
EndGlobal
